
Microsoft Visual Studio Solution File, Format Version 12.00
# Visual Studio 15
VisualStudioVersion = 15.0.28307.572
MinimumVisualStudioVersion = 10.0.40219.1
Project("{FAE04EC0-301F-11D3-BF4B-00C04F79EFBC}") = "SortBlocks", "SortBlocks\SortBlocks.csproj", "{05BD50FB-4EAF-41FA-B98C-0A7B717FDB04}"
EndProject
Project("{FAE04EC0-301F-11D3-BF4B-00C04F79EFBC}") = "Tests", "Tests\Tests.csproj", "{0B37178E-2DAE-4799-A7DD-1AF99C0D00AA}"
EndProject
Global
	GlobalSection(SolutionConfigurationPlatforms) = preSolution
		Debug|Any CPU = Debug|Any CPU
		Release|Any CPU = Release|Any CPU
	EndGlobalSection
	GlobalSection(ProjectConfigurationPlatforms) = postSolution
		{05BD50FB-4EAF-41FA-B98C-0A7B717FDB04}.Debug|Any CPU.ActiveCfg = Debug|Any CPU
		{05BD50FB-4EAF-41FA-B98C-0A7B717FDB04}.Debug|Any CPU.Build.0 = Debug|Any CPU
		{05BD50FB-4EAF-41FA-B98C-0A7B717FDB04}.Release|Any CPU.ActiveCfg = Release|Any CPU
		{05BD50FB-4EAF-41FA-B98C-0A7B717FDB04}.Release|Any CPU.Build.0 = Release|Any CPU
		{0B37178E-2DAE-4799-A7DD-1AF99C0D00AA}.Debug|Any CPU.ActiveCfg = Debug|Any CPU
		{0B37178E-2DAE-4799-A7DD-1AF99C0D00AA}.Debug|Any CPU.Build.0 = Debug|Any CPU
		{0B37178E-2DAE-4799-A7DD-1AF99C0D00AA}.Release|Any CPU.ActiveCfg = Release|Any CPU
		{0B37178E-2DAE-4799-A7DD-1AF99C0D00AA}.Release|Any CPU.Build.0 = Release|Any CPU
	EndGlobalSection
	GlobalSection(SolutionProperties) = preSolution
		HideSolutionNode = FALSE
	EndGlobalSection
	GlobalSection(ExtensibilityGlobals) = postSolution
		SolutionGuid = {72F01F37-0972-4DCD-AC77-C12F6A71B01C}
	EndGlobalSection
EndGlobal
